// !$*UTF8*$!
{
	archiveVersion = 1;
	classes = {
	};
	objectVersion = 46;
	objects = {

/* Begin PBXBuildFile section */
		F5F47E631B38FA9D00D0199A /* main.m in Sources */ = {isa = PBXBuildFile; fileRef = F5F47E621B38FA9D00D0199A /* main.m */; };
		F5F47E661B38FA9D00D0199A /* AppDelegate.m in Sources */ = {isa = PBXBuildFile; fileRef = F5F47E651B38FA9D00D0199A /* AppDelegate.m */; };
		F5F47E691B38FA9D00D0199A /* ViewController.m in Sources */ = {isa = PBXBuildFile; fileRef = F5F47E681B38FA9D00D0199A /* ViewController.m */; };
		F5F47E6C1B38FA9D00D0199A /* Main.storyboard in Resources */ = {isa = PBXBuildFile; fileRef = F5F47E6A1B38FA9D00D0199A /* Main.storyboard */; };
		F5F47E6E1B38FA9D00D0199A /* Images.xcassets in Resources */ = {isa = PBXBuildFile; fileRef = F5F47E6D1B38FA9D00D0199A /* Images.xcassets */; };
		F5F47E711B38FA9D00D0199A /* LaunchScreen.xib in Resources */ = {isa = PBXBuildFile; fileRef = F5F47E6F1B38FA9D00D0199A /* LaunchScreen.xib */; };
		F5F47E7D1B38FA9D00D0199A /* RevealTestTests.m in Sources */ = {isa = PBXBuildFile; fileRef = F5F47E7C1B38FA9D00D0199A /* RevealTestTests.m */; };
/* End PBXBuildFile section */

/* Begin PBXContainerItemProxy section */
		F5F47E771B38FA9D00D0199A /* PBXContainerItemProxy */ = {
			isa = PBXContainerItemProxy;
			containerPortal = F5F47E551B38FA9D00D0199A /* Project object */;
			proxyType = 1;
			remoteGlobalIDString = F5F47E5C1B38FA9D00D0199A;
			remoteInfo = RevealTest;
		};
/* End PBXContainerItemProxy section */

/* Begin PBXFileReference section */
		F5F47E5D1B38FA9D00D0199A /* RevealTest.app */ = {isa = PBXFileReference; explicitFileType = wrapper.application; includeInIndex = 0; path = RevealTest.app; sourceTree = BUILT_PRODUCTS_DIR; };
		F5F47E611B38FA9D00D0199A /* Info.plist */ = {isa = PBXFileReference; lastKnownFileType = text.plist.xml; path = Info.plist; sourceTree = "<group>"; };
		F5F47E621B38FA9D00D0199A /* main.m */ = {isa = PBXFileReference; lastKnownFileType = sourcecode.c.objc; path = main.m; sourceTree = "<group>"; };
		F5F47E641B38FA9D00D0199A /* AppDelegate.h */ = {isa = PBXFileReference; lastKnownFileType = sourcecode.c.h; path = AppDelegate.h; sourceTree = "<group>"; };
		F5F47E651B38FA9D00D0199A /* AppDelegate.m */ = {isa = PBXFileReference; lastKnownFileType = sourcecode.c.objc; path = AppDelegate.m; sourceTree = "<group>"; };
		F5F47E671B38FA9D00D0199A /* ViewController.h */ = {isa = PBXFileReference; lastKnownFileType = sourcecode.c.h; path = ViewController.h; sourceTree = "<group>"; };
		F5F47E681B38FA9D00D0199A /* ViewController.m */ = {isa = PBXFileReference; lastKnownFileType = sourcecode.c.objc; path = ViewController.m; sourceTree = "<group>"; };
		F5F47E6B1B38FA9D00D0199A /* Base */ = {isa = PBXFileReference; lastKnownFileType = file.storyboard; name = Base; path = Base.lproj/Main.storyboard; sourceTree = "<group>"; };
		F5F47E6D1B38FA9D00D0199A /* Images.xcassets */ = {isa = PBXFileReference; lastKnownFileType = folder.assetcatalog; path = Images.xcassets; sourceTree = "<group>"; };
		F5F47E701B38FA9D00D0199A /* Base */ = {isa = PBXFileReference; lastKnownFileType = file.xib; name = Base; path = Base.lproj/LaunchScreen.xib; sourceTree = "<group>"; };
		F5F47E761B38FA9D00D0199A /* RevealTestTests.xctest */ = {isa = PBXFileReference; explicitFileType = wrapper.cfbundle; includeInIndex = 0; path = RevealTestTests.xctest; sourceTree = BUILT_PRODUCTS_DIR; };
		F5F47E7B1B38FA9D00D0199A /* Info.plist */ = {isa = PBXFileReference; lastKnownFileType = text.plist.xml; path = Info.plist; sourceTree = "<group>"; };
		F5F47E7C1B38FA9D00D0199A /* RevealTestTests.m */ = {isa = PBXFileReference; lastKnownFileType = sourcecode.c.objc; path = RevealTestTests.m; sourceTree = "<group>"; };
/* End PBXFileReference section */

/* Begin PBXFrameworksBuildPhase section */
		F5F47E5A1B38FA9D00D0199A /* Frameworks */ = {
			isa = PBXFrameworksBuildPhase;
			buildActionMask = 2147483647;
			files = (
			);
			runOnlyForDeploymentPostprocessing = 0;
		};
		F5F47E731B38FA9D00D0199A /* Frameworks */ = {
			isa = PBXFrameworksBuildPhase;
			buildActionMask = 2147483647;
			files = (
			);
			runOnlyForDeploymentPostprocessing = 0;
		};
/* End PBXFrameworksBuildPhase section */

/* Begin PBXGroup section */
		F5F47E541B38FA9D00D0199A = {
			isa = PBXGroup;
			children = (
				F5F47E5F1B38FA9D00D0199A /* RevealTest */,
				F5F47E791B38FA9D00D0199A /* RevealTestTests */,
				F5F47E5E1B38FA9D00D0199A /* Products */,
			);
			sourceTree = "<group>";
		};
		F5F47E5E1B38FA9D00D0199A /* Products */ = {
			isa = PBXGroup;
			children = (
				F5F47E5D1B38FA9D00D0199A /* RevealTest.app */,
				F5F47E761B38FA9D00D0199A /* RevealTestTests.xctest */,
			);
			name = Products;
			sourceTree = "<group>";
		};
		F5F47E5F1B38FA9D00D0199A /* RevealTest */ = {
			isa = PBXGroup;
			children = (
				F5F47E641B38FA9D00D0199A /* AppDelegate.h */,
				F5F47E651B38FA9D00D0199A /* AppDelegate.m */,
				F5F47E671B38FA9D00D0199A /* ViewController.h */,
				F5F47E681B38FA9D00D0199A /* ViewController.m */,
				F5F47E6A1B38FA9D00D0199A /* Main.storyboard */,
				F5F47E6D1B38FA9D00D0199A /* Images.xcassets */,
				F5F47E6F1B38FA9D00D0199A /* LaunchScreen.xib */,
				F5F47E601B38FA9D00D0199A /* Supporting Files */,
			);
			path = RevealTest;
			sourceTree = "<group>";
		};
		F5F47E601B38FA9D00D0199A /* Supporting Files */ = {
			isa = PBXGroup;
			children = (
				F5F47E611B38FA9D00D0199A /* Info.plist */,
				F5F47E621B38FA9D00D0199A /* main.m */,
			);
			name = "Supporting Files";
			sourceTree = "<group>";
		};
		F5F47E791B38FA9D00D0199A /* RevealTestTests */ = {
			isa = PBXGroup;
			children = (
				F5F47E7C1B38FA9D00D0199A /* RevealTestTests.m */,
				F5F47E7A1B38FA9D00D0199A /* Supporting Files */,
			);
			path = RevealTestTests;
			sourceTree = "<group>";
		};
		F5F47E7A1B38FA9D00D0199A /* Supporting Files */ = {
			isa = PBXGroup;
			children = (
				F5F47E7B1B38FA9D00D0199A /* Info.plist */,
			);
			name = "Supporting Files";
			sourceTree = "<group>";
		};
/* End PBXGroup section */

/* Begin PBXNativeTarget section */
		F5F47E5C1B38FA9D00D0199A /* RevealTest */ = {
			isa = PBXNativeTarget;
			buildConfigurationList = F5F47E801B38FA9D00D0199A /* Build configuration list for PBXNativeTarget "RevealTest" */;
			buildPhases = (
				F5F47E591B38FA9D00D0199A /* Sources */,
				F5F47E5A1B38FA9D00D0199A /* Frameworks */,
				F5F47E5B1B38FA9D00D0199A /* Resources */,
			);
			buildRules = (
			);
			dependencies = (
			);
			name = RevealTest;
			productName = RevealTest;
			productReference = F5F47E5D1B38FA9D00D0199A /* RevealTest.app */;
			productType = "com.apple.product-type.application";
		};
		F5F47E751B38FA9D00D0199A /* RevealTestTests */ = {
			isa = PBXNativeTarget;
			buildConfigurationList = F5F47E831B38FA9D00D0199A /* Build configuration list for PBXNativeTarget "RevealTestTests" */;
			buildPhases = (
				F5F47E721B38FA9D00D0199A /* Sources */,
				F5F47E731B38FA9D00D0199A /* Frameworks */,
				F5F47E741B38FA9D00D0199A /* Resources */,
			);
			buildRules = (
			);
			dependencies = (
				F5F47E781B38FA9D00D0199A /* PBXTargetDependency */,
			);
			name = RevealTestTests;
			productName = RevealTestTests;
			productReference = F5F47E761B38FA9D00D0199A /* RevealTestTests.xctest */;
			productType = "com.apple.product-type.bundle.unit-test";
		};
/* End PBXNativeTarget section */

/* Begin PBXProject section */
		F5F47E551B38FA9D00D0199A /* Project object */ = {
			isa = PBXProject;
			attributes = {
				LastUpgradeCheck = 0630;
				ORGANIZATIONNAME = BFL;
				TargetAttributes = {
					F5F47E5C1B38FA9D00D0199A = {
						CreatedOnToolsVersion = 6.3.2;
					};
					F5F47E751B38FA9D00D0199A = {
						CreatedOnToolsVersion = 6.3.2;
						TestTargetID = F5F47E5C1B38FA9D00D0199A;
					};
				};
			};
			buildConfigurationList = F5F47E581B38FA9D00D0199A /* Build configuration list for PBXProject "RevealTest" */;
			compatibilityVersion = "Xcode 3.2";
			developmentRegion = English;
			hasScannedForEncodings = 0;
			knownRegions = (
				en,
				Base,
			);
			mainGroup = F5F47E541B38FA9D00D0199A;
			productRefGroup = F5F47E5E1B38FA9D00D0199A /* Products */;
			projectDirPath = "";
			projectRoot = "";
			targets = (
				F5F47E5C1B38FA9D00D0199A /* RevealTest */,
				F5F47E751B38FA9D00D0199A /* RevealTestTests */,
			);
		};
/* End PBXProject section */

/* Begin PBXResourcesBuildPhase section */
		F5F47E5B1B38FA9D00D0199A /* Resources */ = {
			isa = PBXResourcesBuildPhase;
			buildActionMask = 2147483647;
			files = (
				F5F47E6C1B38FA9D00D0199A /* Main.storyboard in Resources */,
				F5F47E711B38FA9D00D0199A /* LaunchScreen.xib in Resources */,
				F5F47E6E1B38FA9D00D0199A /* Images.xcassets in Resources */,
			);
			runOnlyForDeploymentPostprocessing = 0;
		};
		F5F47E741B38FA9D00D0199A /* Resources */ = {
			isa = PBXResourcesBuildPhase;
			buildActionMask = 2147483647;
			files = (
			);
			runOnlyForDeploymentPostprocessing = 0;
		};
/* End PBXResourcesBuildPhase section */

/* Begin PBXSourcesBuildPhase section */
		F5F47E591B38FA9D00D0199A /* Sources */ = {
			isa = PBXSourcesBuildPhase;
			buildActionMask = 2147483647;
			files = (
				F5F47E691B38FA9D00D0199A /* ViewController.m in Sources */,
				F5F47E661B38FA9D00D0199A /* AppDelegate.m in Sources */,
				F5F47E631B38FA9D00D0199A /* main.m in Sources */,
			);
			runOnlyForDeploymentPostprocessing = 0;
		};
		F5F47E721B38FA9D00D0199A /* Sources */ = {
			isa = PBXSourcesBuildPhase;
			buildActionMask = 2147483647;
			files = (
				F5F47E7D1B38FA9D00D0199A /* RevealTestTests.m in Sources */,
			);
			runOnlyForDeploymentPostprocessing = 0;
		};
/* End PBXSourcesBuildPhase section */

/* Begin PBXTargetDependency section */
		F5F47E781B38FA9D00D0199A /* PBXTargetDependency */ = {
			isa = PBXTargetDependency;
			target = F5F47E5C1B38FA9D00D0199A /* RevealTest */;
			targetProxy = F5F47E771B38FA9D00D0199A /* PBXContainerItemProxy */;
		};
/* End PBXTargetDependency section */

/* Begin PBXVariantGroup section */
		F5F47E6A1B38FA9D00D0199A /* Main.storyboard */ = {
			isa = PBXVariantGroup;
			children = (
				F5F47E6B1B38FA9D00D0199A /* Base */,
			);
			name = Main.storyboard;
			sourceTree = "<group>";
		};
		F5F47E6F1B38FA9D00D0199A /* LaunchScreen.xib */ = {
			isa = PBXVariantGroup;
			children = (
				F5F47E701B38FA9D00D0199A /* Base */,
			);
			name = LaunchScreen.xib;
			sourceTree = "<group>";
		};
/* End PBXVariantGroup section */

/* Begin XCBuildConfiguration section */
		F5F47E7E1B38FA9D00D0199A /* Debug */ = {
			isa = XCBuildConfiguration;
			buildSettings = {
				ALWAYS_SEARCH_USER_PATHS = NO;
				CLANG_CXX_LANGUAGE_STANDARD = "gnu++0x";
				CLANG_CXX_LIBRARY = "libc++";
				CLANG_ENABLE_MODULES = YES;
				CLANG_ENABLE_OBJC_ARC = YES;
				CLANG_WARN_BOOL_CONVERSION = YES;
				CLANG_WARN_CONSTANT_CONVERSION = YES;
				CLANG_WARN_DIRECT_OBJC_ISA_USAGE = YES_ERROR;
				CLANG_WARN_EMPTY_BODY = YES;
				CLANG_WARN_ENUM_CONVERSION = YES;
				CLANG_WARN_INT_CONVERSION = YES;
				CLANG_WARN_OBJC_ROOT_CLASS = YES_ERROR;
				CLANG_WARN_UNREACHABLE_CODE = YES;
				CLANG_WARN__DUPLICATE_METHOD_MATCH = YES;
				"CODE_SIGN_IDENTITY[sdk=iphoneos*]" = "iPhone Developer";
				COPY_PHASE_STRIP = NO;
				DEBUG_INFORMATION_FORMAT = "dwarf-with-dsym";
				ENABLE_STRICT_OBJC_MSGSEND = YES;
				GCC_C_LANGUAGE_STANDARD = gnu99;
				GCC_DYNAMIC_NO_PIC = NO;
				GCC_NO_COMMON_BLOCKS = YES;
				GCC_OPTIMIZATION_LEVEL = 0;
				GCC_PREPROCESSOR_DEFINITIONS = (
					"DEBUG=1",
					"$(inherited)",
				);
				GCC_SYMBOLS_PRIVATE_EXTERN = NO;
				GCC_WARN_64_TO_32_BIT_CONVERSION = YES;
				GCC_WARN_ABOUT_RETURN_TYPE = YES_ERROR;
				GCC_WARN_UNDECLARED_SELECTOR = YES;
				GCC_WARN_UNINITIALIZED_AUTOS = YES_AGGRESSIVE;
				GCC_WARN_UNUSED_FUNCTION = YES;
				GCC_WARN_UNUSED_VARIABLE = YES;
				IPHONEOS_DEPLOYMENT_TARGET = 8.3;
				MTL_ENABLE_DEBUG_INFO = YES;
				ONLY_ACTIVE_ARCH = YES;
				SDKROOT = iphoneos;
			};
			name = Debug;
		};
		F5F47E7F1B38FA9D00D0199A /* Release */ = {
			isa = XCBuildConfiguration;
			buildSettings = {
				ALWAYS_SEARCH_USER_PATHS = NO;
				CLANG_CXX_LANGUAGE_STANDARD = "gnu++0x";
				CLANG_CXX_LIBRARY = "libc++";
				CLANG_ENABLE_MODULES = YES;
				CLANG_ENABLE_OBJC_ARC = YES;
				CLANG_WARN_BOOL_CONVERSION = YES;
				CLANG_WARN_CONSTANT_CONVERSION = YES;
				CLANG_WARN_DIRECT_OBJC_ISA_USAGE = YES_ERROR;
				CLANG_WARN_EMPTY_BODY = YES;
				CLANG_WARN_ENUM_CONVERSION = YES;
				CLANG_WARN_INT_CONVERSION = YES;
				CLANG_WARN_OBJC_ROOT_CLASS = YES_ERROR;
				CLANG_WARN_UNREACHABLE_CODE = YES;
				CLANG_WARN__DUPLICATE_METHOD_MATCH = YES;
				"CODE_SIGN_IDENTITY[sdk=iphoneos*]" = "iPhone Developer";
				COPY_PHASE_STRIP = NO;
				DEBUG_INFORMATION_FORMAT = "dwarf-with-dsym";
				ENABLE_NS_ASSERTIONS = NO;
				ENABLE_STRICT_OBJC_MSGSEND = YES;
				GCC_C_LANGUAGE_STANDARD = gnu99;
				GCC_NO_COMMON_BLOCKS = YES;
				GCC_WARN_64_TO_32_BIT_CONVERSION = YES;
				GCC_WARN_ABOUT_RETURN_TYPE = YES_ERROR;
				GCC_WARN_UNDECLARED_SELECTOR = YES;
				GCC_WARN_UNINITIALIZED_AUTOS = YES_AGGRESSIVE;
				GCC_WARN_UNUSED_FUNCTION = YES;
				GCC_WARN_UNUSED_VARIABLE = YES;
				IPHONEOS_DEPLOYMENT_TARGET = 8.3;
				MTL_ENABLE_DEBUG_INFO = NO;
				SDKROOT = iphoneos;
				VALIDATE_PRODUCT = YES;
			};
			name = Release;
		};
		F5F47E811B38FA9D00D0199A /* Debug */ = {
			isa = XCBuildConfiguration;
			buildSettings = {
				ASSETCATALOG_COMPILER_APPICON_NAME = AppIcon;
				INFOPLIST_FILE = RevealTest/Info.plist;
				LD_RUNPATH_SEARCH_PATHS = "$(inherited) @executable_path/Frameworks";
				PRODUCT_NAME = "$(TARGET_NAME)";
			};
			name = Debug;
		};
		F5F47E821B38FA9D00D0199A /* Release */ = {
			isa = XCBuildConfiguration;
			buildSettings = {
				ASSETCATALOG_COMPILER_APPICON_NAME = AppIcon;
				INFOPLIST_FILE = RevealTest/Info.plist;
				LD_RUNPATH_SEARCH_PATHS = "$(inherited) @executable_path/Frameworks";
				PRODUCT_NAME = "$(TARGET_NAME)";
			};
			name = Release;
		};
		F5F47E841B38FA9D00D0199A /* Debug */ = {
			isa = XCBuildConfiguration;
			buildSettings = {
				BUNDLE_LOADER = "$(TEST_HOST)";
				FRAMEWORK_SEARCH_PATHS = (
					"$(SDKROOT)/Developer/Library/Frameworks",
					"$(inherited)",
				);
				GCC_PREPROCESSOR_DEFINITIONS = (
					"DEBUG=1",
					"$(inherited)",
				);
				INFOPLIST_FILE = RevealTestTests/Info.plist;
				LD_RUNPATH_SEARCH_PATHS = "$(inherited) @executable_path/Frameworks @loader_path/Frameworks";
				PRODUCT_NAME = "$(TARGET_NAME)";
				TEST_HOST = "$(BUILT_PRODUCTS_DIR)/RevealTest.app/RevealTest";
			};
			name = Debug;
		};
		F5F47E851B38FA9D00D0199A /* Release */ = {
			isa = XCBuildConfiguration;
			buildSettings = {
				BUNDLE_LOADER = "$(TEST_HOST)";
				FRAMEWORK_SEARCH_PATHS = (
					"$(SDKROOT)/Developer/Library/Frameworks",
					"$(inherited)",
				);
				INFOPLIST_FILE = RevealTestTests/Info.plist;
				LD_RUNPATH_SEARCH_PATHS = "$(inherited) @executable_path/Frameworks @loader_path/Frameworks";
				PRODUCT_NAME = "$(TARGET_NAME)";
				TEST_HOST = "$(BUILT_PRODUCTS_DIR)/RevealTest.app/RevealTest";
			};
			name = Release;
		};
/* End XCBuildConfiguration section */

/* Begin XCConfigurationList section */
		F5F47E581B38FA9D00D0199A /* Build configuration list for PBXProject "RevealTest" */ = {
			isa = XCConfigurationList;
			buildConfigurations = (
				F5F47E7E1B38FA9D00D0199A /* Debug */,
				F5F47E7F1B38FA9D00D0199A /* Release */,
			);
			defaultConfigurationIsVisible = 0;
			defaultConfigurationName = Release;
		};
		F5F47E801B38FA9D00D0199A /* Build configuration list for PBXNativeTarget "RevealTest" */ = {
			isa = XCConfigurationList;
			buildConfigurations = (
				F5F47E811B38FA9D00D0199A /* Debug */,
				F5F47E821B38FA9D00D0199A /* Release */,
			);
			defaultConfigurationIsVisible = 0;
		};
		F5F47E831B38FA9D00D0199A /* Build configuration list for PBXNativeTarget "RevealTestTests" */ = {
			isa = XCConfigurationList;
			buildConfigurations = (
				F5F47E841B38FA9D00D0199A /* Debug */,
				F5F47E851B38FA9D00D0199A /* Release */,
			);
			defaultConfigurationIsVisible = 0;
		};
/* End XCConfigurationList section */
	};
	rootObject = F5F47E551B38FA9D00D0199A /* Project object */;
}
